
Microsoft Visual Studio Solution File, Format Version 12.00
# Visual Studio 15
VisualStudioVersion = 15.0.28010.2050
MinimumVisualStudioVersion = 10.0.40219.1
Project("{FAE04EC0-301F-11D3-BF4B-00C04F79EFBC}") = "WebApplication2", "WebApplication2\WebApplication2.csproj", "{4649C364-3B26-4FBE-B479-0B82BA3682BE}"
EndProject
Project("{FAE04EC0-301F-11D3-BF4B-00C04F79EFBC}") = "project2", "..\..\Homework9\project2\project2.csproj", "{4B4CCCE6-2AAC-4695-A1EE-6FB76C859D16}"
EndProject
Global
	GlobalSection(SolutionConfigurationPlatforms) = preSolution
		Debug|Any CPU = Debug|Any CPU
		Release|Any CPU = Release|Any CPU
	EndGlobalSection
	GlobalSection(ProjectConfigurationPlatforms) = postSolution
		{4649C364-3B26-4FBE-B479-0B82BA3682BE}.Debug|Any CPU.ActiveCfg = Debug|Any CPU
		{4649C364-3B26-4FBE-B479-0B82BA3682BE}.Debug|Any CPU.Build.0 = Debug|Any CPU
		{4649C364-3B26-4FBE-B479-0B82BA3682BE}.Release|Any CPU.ActiveCfg = Release|Any CPU
		{4649C364-3B26-4FBE-B479-0B82BA3682BE}.Release|Any CPU.Build.0 = Release|Any CPU
		{4B4CCCE6-2AAC-4695-A1EE-6FB76C859D16}.Debug|Any CPU.ActiveCfg = Debug|Any CPU
		{4B4CCCE6-2AAC-4695-A1EE-6FB76C859D16}.Debug|Any CPU.Build.0 = Debug|Any CPU
		{4B4CCCE6-2AAC-4695-A1EE-6FB76C859D16}.Release|Any CPU.ActiveCfg = Release|Any CPU
		{4B4CCCE6-2AAC-4695-A1EE-6FB76C859D16}.Release|Any CPU.Build.0 = Release|Any CPU
	EndGlobalSection
	GlobalSection(SolutionProperties) = preSolution
		HideSolutionNode = FALSE
	EndGlobalSection
	GlobalSection(ExtensibilityGlobals) = postSolution
		SolutionGuid = {E273F50A-4689-429B-ABBD-0574244088C7}
	EndGlobalSection
EndGlobal
